{
  "name": "Ejercicios_Navidad",
  "lockfileVersion": 2,
  "requires": true,
  "packages": {
    "": {
      "devDependencies": {
        "@types/jasmine": "^3.10.3"
      }
    },
    "node_modules/@types/jasmine": {
      "version": "3.10.3",
      "resolved": "https://registry.npmjs.org/@types/jasmine/-/jasmine-3.10.3.tgz",
      "integrity": "sha512-SWyMrjgdAUHNQmutvDcKablrJhkDLy4wunTme8oYLjKp41GnHGxMRXr2MQMvy/qy8H3LdzwQk9gH4hZ6T++H8g==",
      "dev": true
    }
  },
  "dependencies": {
    "@types/jasmine": {
      "version": "3.10.3",
      "resolved": "https://registry.npmjs.org/@types/jasmine/-/jasmine-3.10.3.tgz",
      "integrity": "sha512-SWyMrjgdAUHNQmutvDcKablrJhkDLy4wunTme8oYLjKp41GnHGxMRXr2MQMvy/qy8H3LdzwQk9gH4hZ6T++H8g==",
      "dev": true
    }
  }
}
